
Microsoft Visual Studio Solution File, Format Version 12.00
# Visual Studio 15
VisualStudioVersion = 15.0.27428.2037
MinimumVisualStudioVersion = 10.0.40219.1
Project("{FAE04EC0-301F-11D3-BF4B-00C04F79EFBC}") = "App17.Android", "App17\App17.Android\App17.Android.csproj", "{7610F72D-9BFA-4AFD-9D14-2CA6BA33ACDF}"
EndProject
Project("{FAE04EC0-301F-11D3-BF4B-00C04F79EFBC}") = "App17.iOS", "App17\App17.iOS\App17.iOS.csproj", "{15194AFA-BF2B-40AC-9C52-7AFD0B8EEB47}"
EndProject
Project("{FAE04EC0-301F-11D3-BF4B-00C04F79EFBC}") = "App17", "App17\App17\App17.csproj", "{9A60C69E-6BC5-491B-8489-3D561414CA7F}"
EndProject
Global
	GlobalSection(SolutionConfigurationPlatforms) = preSolution
		Ad-Hoc|Any CPU = Ad-Hoc|Any CPU
		Ad-Hoc|iPhone = Ad-Hoc|iPhone
		Ad-Hoc|iPhoneSimulator = Ad-Hoc|iPhoneSimulator
		AppStore|Any CPU = AppStore|Any CPU
		AppStore|iPhone = AppStore|iPhone
		AppStore|iPhoneSimulator = AppStore|iPhoneSimulator
		Debug|Any CPU = Debug|Any CPU
		Debug|iPhone = Debug|iPhone
		Debug|iPhoneSimulator = Debug|iPhoneSimulator
		Release|Any CPU = Release|Any CPU
		Release|iPhone = Release|iPhone
		Release|iPhoneSimulator = Release|iPhoneSimulator
	EndGlobalSection
	GlobalSection(ProjectConfigurationPlatforms) = postSolution
		{7610F72D-9BFA-4AFD-9D14-2CA6BA33ACDF}.Ad-Hoc|Any CPU.ActiveCfg = Release|Any CPU
		{7610F72D-9BFA-4AFD-9D14-2CA6BA33ACDF}.Ad-Hoc|Any CPU.Build.0 = Release|Any CPU
		{7610F72D-9BFA-4AFD-9D14-2CA6BA33ACDF}.Ad-Hoc|Any CPU.Deploy.0 = Release|Any CPU
		{7610F72D-9BFA-4AFD-9D14-2CA6BA33ACDF}.Ad-Hoc|iPhone.ActiveCfg = Release|Any CPU
		{7610F72D-9BFA-4AFD-9D14-2CA6BA33ACDF}.Ad-Hoc|iPhone.Build.0 = Release|Any CPU
		{7610F72D-9BFA-4AFD-9D14-2CA6BA33ACDF}.Ad-Hoc|iPhone.Deploy.0 = Release|Any CPU
		{7610F72D-9BFA-4AFD-9D14-2CA6BA33ACDF}.Ad-Hoc|iPhoneSimulator.ActiveCfg = Release|Any CPU
		{7610F72D-9BFA-4AFD-9D14-2CA6BA33ACDF}.Ad-Hoc|iPhoneSimulator.Build.0 = Release|Any CPU
		{7610F72D-9BFA-4AFD-9D14-2CA6BA33ACDF}.Ad-Hoc|iPhoneSimulator.Deploy.0 = Release|Any CPU
		{7610F72D-9BFA-4AFD-9D14-2CA6BA33ACDF}.AppStore|Any CPU.ActiveCfg = Release|Any CPU
		{7610F72D-9BFA-4AFD-9D14-2CA6BA33ACDF}.AppStore|Any CPU.Build.0 = Release|Any CPU
		{7610F72D-9BFA-4AFD-9D14-2CA6BA33ACDF}.AppStore|Any CPU.Deploy.0 = Release|Any CPU
		{7610F72D-9BFA-4AFD-9D14-2CA6BA33ACDF}.AppStore|iPhone.ActiveCfg = Release|Any CPU
		{7610F72D-9BFA-4AFD-9D14-2CA6BA33ACDF}.AppStore|iPhone.Build.0 = Release|Any CPU
		{7610F72D-9BFA-4AFD-9D14-2CA6BA33ACDF}.AppStore|iPhone.Deploy.0 = Release|Any CPU
		{7610F72D-9BFA-4AFD-9D14-2CA6BA33ACDF}.AppStore|iPhoneSimulator.ActiveCfg = Release|Any CPU
		{7610F72D-9BFA-4AFD-9D14-2CA6BA33ACDF}.AppStore|iPhoneSimulator.Build.0 = Release|Any CPU
		{7610F72D-9BFA-4AFD-9D14-2CA6BA33ACDF}.AppStore|iPhoneSimulator.Deploy.0 = Release|Any CPU
		{7610F72D-9BFA-4AFD-9D14-2CA6BA33ACDF}.Debug|Any CPU.ActiveCfg = Debug|Any CPU
		{7610F72D-9BFA-4AFD-9D14-2CA6BA33ACDF}.Debug|Any CPU.Build.0 = Debug|Any CPU
		{7610F72D-9BFA-4AFD-9D14-2CA6BA33ACDF}.Debug|Any CPU.Deploy.0 = Debug|Any CPU
		{7610F72D-9BFA-4AFD-9D14-2CA6BA33ACDF}.Debug|iPhone.ActiveCfg = Debug|Any CPU
		{7610F72D-9BFA-4AFD-9D14-2CA6BA33ACDF}.Debug|iPhone.Build.0 = Debug|Any CPU
		{7610F72D-9BFA-4AFD-9D14-2CA6BA33ACDF}.Debug|iPhone.Deploy.0 = Debug|Any CPU
		{7610F72D-9BFA-4AFD-9D14-2CA6BA33ACDF}.Debug|iPhoneSimulator.ActiveCfg = Debug|Any CPU
		{7610F72D-9BFA-4AFD-9D14-2CA6BA33ACDF}.Debug|iPhoneSimulator.Build.0 = Debug|Any CPU
		{7610F72D-9BFA-4AFD-9D14-2CA6BA33ACDF}.Debug|iPhoneSimulator.Deploy.0 = Debug|Any CPU
		{7610F72D-9BFA-4AFD-9D14-2CA6BA33ACDF}.Release|Any CPU.ActiveCfg = Release|Any CPU
		{7610F72D-9BFA-4AFD-9D14-2CA6BA33ACDF}.Release|Any CPU.Build.0 = Release|Any CPU
		{7610F72D-9BFA-4AFD-9D14-2CA6BA33ACDF}.Release|Any CPU.Deploy.0 = Release|Any CPU
		{7610F72D-9BFA-4AFD-9D14-2CA6BA33ACDF}.Release|iPhone.ActiveCfg = Release|Any CPU
		{7610F72D-9BFA-4AFD-9D14-2CA6BA33ACDF}.Release|iPhone.Build.0 = Release|Any CPU
		{7610F72D-9BFA-4AFD-9D14-2CA6BA33ACDF}.Release|iPhone.Deploy.0 = Release|Any CPU
		{7610F72D-9BFA-4AFD-9D14-2CA6BA33ACDF}.Release|iPhoneSimulator.ActiveCfg = Release|Any CPU
		{7610F72D-9BFA-4AFD-9D14-2CA6BA33ACDF}.Release|iPhoneSimulator.Build.0 = Release|Any CPU
		{7610F72D-9BFA-4AFD-9D14-2CA6BA33ACDF}.Release|iPhoneSimulator.Deploy.0 = Release|Any CPU
		{15194AFA-BF2B-40AC-9C52-7AFD0B8EEB47}.Ad-Hoc|Any CPU.ActiveCfg = Ad-Hoc|iPhone
		{15194AFA-BF2B-40AC-9C52-7AFD0B8EEB47}.Ad-Hoc|iPhone.ActiveCfg = Ad-Hoc|iPhone
		{15194AFA-BF2B-40AC-9C52-7AFD0B8EEB47}.Ad-Hoc|iPhone.Build.0 = Ad-Hoc|iPhone
		{15194AFA-BF2B-40AC-9C52-7AFD0B8EEB47}.Ad-Hoc|iPhoneSimulator.ActiveCfg = Ad-Hoc|iPhoneSimulator
		{15194AFA-BF2B-40AC-9C52-7AFD0B8EEB47}.Ad-Hoc|iPhoneSimulator.Build.0 = Ad-Hoc|iPhoneSimulator
		{15194AFA-BF2B-40AC-9C52-7AFD0B8EEB47}.AppStore|Any CPU.ActiveCfg = AppStore|iPhone
		{15194AFA-BF2B-40AC-9C52-7AFD0B8EEB47}.AppStore|iPhone.ActiveCfg = AppStore|iPhone
		{15194AFA-BF2B-40AC-9C52-7AFD0B8EEB47}.AppStore|iPhone.Build.0 = AppStore|iPhone
		{15194AFA-BF2B-40AC-9C52-7AFD0B8EEB47}.AppStore|iPhoneSimulator.ActiveCfg = AppStore|iPhoneSimulator
		{15194AFA-BF2B-40AC-9C52-7AFD0B8EEB47}.AppStore|iPhoneSimulator.Build.0 = AppStore|iPhoneSimulator
		{15194AFA-BF2B-40AC-9C52-7AFD0B8EEB47}.Debug|Any CPU.ActiveCfg = Debug|iPhone
		{15194AFA-BF2B-40AC-9C52-7AFD0B8EEB47}.Debug|iPhone.ActiveCfg = Debug|iPhone
		{15194AFA-BF2B-40AC-9C52-7AFD0B8EEB47}.Debug|iPhone.Build.0 = Debug|iPhone
		{15194AFA-BF2B-40AC-9C52-7AFD0B8EEB47}.Debug|iPhoneSimulator.ActiveCfg = Debug|iPhoneSimulator
		{15194AFA-BF2B-40AC-9C52-7AFD0B8EEB47}.Debug|iPhoneSimulator.Build.0 = Debug|iPhoneSimulator
		{15194AFA-BF2B-40AC-9C52-7AFD0B8EEB47}.Release|Any CPU.ActiveCfg = Release|iPhone
		{15194AFA-BF2B-40AC-9C52-7AFD0B8EEB47}.Release|iPhone.ActiveCfg = Release|iPhone
		{15194AFA-BF2B-40AC-9C52-7AFD0B8EEB47}.Release|iPhone.Build.0 = Release|iPhone
		{15194AFA-BF2B-40AC-9C52-7AFD0B8EEB47}.Release|iPhoneSimulator.ActiveCfg = Release|iPhoneSimulator
		{15194AFA-BF2B-40AC-9C52-7AFD0B8EEB47}.Release|iPhoneSimulator.Build.0 = Release|iPhoneSimulator
		{9A60C69E-6BC5-491B-8489-3D561414CA7F}.Ad-Hoc|Any CPU.ActiveCfg = Debug|Any CPU
		{9A60C69E-6BC5-491B-8489-3D561414CA7F}.Ad-Hoc|Any CPU.Build.0 = Debug|Any CPU
		{9A60C69E-6BC5-491B-8489-3D561414CA7F}.Ad-Hoc|iPhone.ActiveCfg = Debug|Any CPU
		{9A60C69E-6BC5-491B-8489-3D561414CA7F}.Ad-Hoc|iPhone.Build.0 = Debug|Any CPU
		{9A60C69E-6BC5-491B-8489-3D561414CA7F}.Ad-Hoc|iPhoneSimulator.ActiveCfg = Debug|Any CPU
		{9A60C69E-6BC5-491B-8489-3D561414CA7F}.Ad-Hoc|iPhoneSimulator.Build.0 = Debug|Any CPU
		{9A60C69E-6BC5-491B-8489-3D561414CA7F}.AppStore|Any CPU.ActiveCfg = Debug|Any CPU
		{9A60C69E-6BC5-491B-8489-3D561414CA7F}.AppStore|Any CPU.Build.0 = Debug|Any CPU
		{9A60C69E-6BC5-491B-8489-3D561414CA7F}.AppStore|iPhone.ActiveCfg = Debug|Any CPU
		{9A60C69E-6BC5-491B-8489-3D561414CA7F}.AppStore|iPhone.Build.0 = Debug|Any CPU
		{9A60C69E-6BC5-491B-8489-3D561414CA7F}.AppStore|iPhoneSimulator.ActiveCfg = Debug|Any CPU
		{9A60C69E-6BC5-491B-8489-3D561414CA7F}.AppStore|iPhoneSimulator.Build.0 = Debug|Any CPU
		{9A60C69E-6BC5-491B-8489-3D561414CA7F}.Debug|Any CPU.ActiveCfg = Debug|Any CPU
		{9A60C69E-6BC5-491B-8489-3D561414CA7F}.Debug|Any CPU.Build.0 = Debug|Any CPU
		{9A60C69E-6BC5-491B-8489-3D561414CA7F}.Debug|iPhone.ActiveCfg = Debug|Any CPU
		{9A60C69E-6BC5-491B-8489-3D561414CA7F}.Debug|iPhone.Build.0 = Debug|Any CPU
		{9A60C69E-6BC5-491B-8489-3D561414CA7F}.Debug|iPhoneSimulator.ActiveCfg = Debug|Any CPU
		{9A60C69E-6BC5-491B-8489-3D561414CA7F}.Debug|iPhoneSimulator.Build.0 = Debug|Any CPU
		{9A60C69E-6BC5-491B-8489-3D561414CA7F}.Release|Any CPU.ActiveCfg = Release|Any CPU
		{9A60C69E-6BC5-491B-8489-3D561414CA7F}.Release|Any CPU.Build.0 = Release|Any CPU
		{9A60C69E-6BC5-491B-8489-3D561414CA7F}.Release|iPhone.ActiveCfg = Release|Any CPU
		{9A60C69E-6BC5-491B-8489-3D561414CA7F}.Release|iPhone.Build.0 = Release|Any CPU
		{9A60C69E-6BC5-491B-8489-3D561414CA7F}.Release|iPhoneSimulator.ActiveCfg = Release|Any CPU
		{9A60C69E-6BC5-491B-8489-3D561414CA7F}.Release|iPhoneSimulator.Build.0 = Release|Any CPU
	EndGlobalSection
	GlobalSection(SolutionProperties) = preSolution
		HideSolutionNode = FALSE
	EndGlobalSection
	GlobalSection(ExtensibilityGlobals) = postSolution
		SolutionGuid = {C9FDB56B-903E-4DA7-A20A-943D85B2A26A}
	EndGlobalSection
EndGlobal
